{
  "requires": true,
  "lockfileVersion": 1,
  "dependencies": {
    "croppie": {
      "version": "2.6.4",
      "resolved": "https://registry.npmjs.org/croppie/-/croppie-2.6.4.tgz",
      "integrity": "sha512-dK2gP7nmAuzMP8TU+JNPOmZJkMyp5VPMJxE/uvmiOC7Vzwon333eo2i9T40D5rqm9NrBJU/ovAyg7xDX2Swaiw=="
    },
    "exif-js": {
      "version": "2.3.0",
      "resolved": "https://registry.npmjs.org/exif-js/-/exif-js-2.3.0.tgz",
      "integrity": "sha1-nRCBm/Vx+HOBPnZAJBJVq5zhqBQ="
    }
  }
}
